# This file is generated by running "yarn install" inside your project.
# Manual changes might be lost - proceed with caution!

__metadata:
  version: 10
  cacheKey: 10c0

"@angular/core@npm:^22.1.0":
  version: 22.1.0
  resolution: "@angular/core@npm:22.1.0"
  dependencies:
    tslib: "npm:^2.3.0"
  peerDependencies:
    "@angular/compiler": 22.1.0
    rxjs: ^6.5.3 || ^7.4.0
    zone.js: ~0.15.0 || ~0.16.0
  peerDependenciesMeta:
    "@angular/compiler":
      optional: true
    zone.js:
      optional: true
  checksum: 10c0/4fd88d9b85413ba86124315899c428edf648444fc261d9e94ddfb3899fe307b0997bbfd9640dbabf73951deebcb707773d91953f74f9a95904cb89db1d40c061
  languageName: node
  linkType: hard

"@maverick-js/signals@npm:^6.0.0":
  version: 6.0.0
  resolution: "@maverick-js/signals@npm:6.0.0"
  checksum: 10c0/f327adc7902f1e21e3d244a1160481d76e7522e63efe7129d2dc92fe790e8ec83fbc643d7588b3555c90e750b5d374f1576cf3adbb65a82d1b77c28b91e90d12
  languageName: node
  linkType: hard

"@preact/signals-core@npm:^1.14.4":
  version: 1.14.4
  resolution: "@preact/signals-core@npm:1.14.4"
  checksum: 10c0/963622e5c1c98a6946ec1ad01e9901ebacf316ab0a7e3c56c6ebaefee5b2c8ea03c3bdb8ba74120612b5f8976f5dc94693134670e372dded79db9994045aadd1
  languageName: node
  linkType: hard

"@vue/reactivity@npm:^3.5.40":
  version: 3.5.40
  resolution: "@vue/reactivity@npm:3.5.40"
  dependencies:
    "@vue/shared": "npm:3.5.40"
  checksum: 10c0/cbefefe6aee3fce6cdf04fcb8c36eab0b47581af499b51a3b19fe9358ab98366b1edd38fefe6059b38284879053656c4e4c0656396426880f255c90eada8b443
  languageName: node
  linkType: hard

"@vue/shared@npm:3.5.40":
  version: 3.5.40
  resolution: "@vue/shared@npm:3.5.40"
  checksum: 10c0/b18346d3936d2c7b16d01a7c77b0b95fac19f4427bb17e5c968ea4e1c752df5d3f4f2db70b26a28fe033f81522f3cb83ccd13713f4e4f861fedba915b0b3f825
  languageName: node
  linkType: hard

"benchmarks@workspace:.":
  version: 0.0.0-use.local
  resolution: "benchmarks@workspace:."
  dependencies:
    "@angular/core": "npm:^22.1.0"
    "@maverick-js/signals": "npm:^6.0.0"
    "@preact/signals-core": "npm:^1.14.4"
    "@vue/reactivity": "npm:^3.5.40"
    cli-table: "npm:^0.3.11"
    hyperactiv: "npm:^0.11.3"
    kleur: "npm:^4.1.5"
    mobx: "npm:^7.0.0"
    rxjs: "npm:^7.8.2"
    solid-js: "npm:^1.9.14"
    usignal: "npm:^0.10.0"
  languageName: unknown
  linkType: soft

"cli-table@npm:^0.3.11":
  version: 0.3.11
  resolution: "cli-table@npm:0.3.11"
  dependencies:
    colors: "npm:1.0.3"
  checksum: 10c0/6e31da4e19e942bf01749ff78d7988b01e0101955ce2b1e413eecdc115d4bb9271396464761491256a7d3feeedb5f37ae505f4314c4f8044b5d0f4b579c18f29
  languageName: node
  linkType: hard

"colors@npm:1.0.3":
  version: 1.0.3
  resolution: "colors@npm:1.0.3"
  checksum: 10c0/f9e40dd8b3e1a65378a7ced3fced15ddfd60aaf38e99a7521a7fdb25056b15e092f651cd0f5aa1e9b04fa8ce3616d094e07fc6c2bb261e24098db1ddd3d09a1d
  languageName: node
  linkType: hard

"csstype@npm:^3.1.0":
  version: 3.2.3
  resolution: "csstype@npm:3.2.3"
  checksum: 10c0/cd29c51e70fa822f1cecd8641a1445bed7063697469d35633b516e60fe8c1bde04b08f6c5b6022136bb669b64c63d4173af54864510fbb4ee23281801841a3ce
  languageName: node
  linkType: hard

"hyperactiv@npm:^0.11.3":
  version: 0.11.3
  resolution: "hyperactiv@npm:0.11.3"
  peerDependenciesMeta:
    normaliz:
      optional: true
    react:
      optional: true
    react-dom:
      optional: true
    wretch:
      optional: true
  checksum: 10c0/e63feb2e169e30c593587ef42f41e3cc2bc6b7a70f11688ae438a7a98d625839c0dc52dff255d7b0a14103da3c62afddc8482922200ddd4d77b20502f739defc
  languageName: node
  linkType: hard

"kleur@npm:^4.1.5":
  version: 4.1.5
  resolution: "kleur@npm:4.1.5"
  checksum: 10c0/e9de6cb49657b6fa70ba2d1448fd3d691a5c4370d8f7bbf1c2f64c24d461270f2117e1b0afe8cb3114f13bbd8e51de158c2a224953960331904e636a5e4c0f2a
  languageName: node
  linkType: hard

"mobx@npm:^7.0.0":
  version: 7.0.0
  resolution: "mobx@npm:7.0.0"
  checksum: 10c0/19e4d11a96efdbb21c14c6a7fb1b96bfc78810e0a8f382b4fce6778ff35fdb0c80c60b30b6282231258d9258ed80deded8f8d88b50ab51a2062cf6faef191d0f
  languageName: node
  linkType: hard

"rxjs@npm:^7.8.2":
  version: 7.8.2
  resolution: "rxjs@npm:7.8.2"
  dependencies:
    tslib: "npm:^2.1.0"
  checksum: 10c0/1fcd33d2066ada98ba8f21fcbbcaee9f0b271de1d38dc7f4e256bfbc6ffcdde68c8bfb69093de7eeb46f24b1fb820620bf0223706cff26b4ab99a7ff7b2e2c45
  languageName: node
  linkType: hard

"seroval-plugins@npm:~1.5.4":
  version: 1.5.6
  resolution: "seroval-plugins@npm:1.5.6"
  peerDependencies:
    seroval: ^1.0
  checksum: 10c0/35a09f943976b146196eeed11b574b85f76f9fbbff709de682510b5790a65a45262dce3f669e1ef08082cde70cc756bd3c3e2c24d18fad2fc9e2a6641f6f2ede
  languageName: node
  linkType: hard

"seroval@npm:~1.5.4":
  version: 1.5.6
  resolution: "seroval@npm:1.5.6"
  checksum: 10c0/47e4fb25305bf05fdf300cac6b0d4aaaaf1e12f15c819195afcdf512d88901a3f1f7754ac5a2de740cc0bb04e912c653fbf0129fb3e4c81ce12809e6aa5815e3
  languageName: node
  linkType: hard

"solid-js@npm:^1.9.14":
  version: 1.9.14
  resolution: "solid-js@npm:1.9.14"
  dependencies:
    csstype: "npm:^3.1.0"
    seroval: "npm:~1.5.4"
    seroval-plugins: "npm:~1.5.4"
  checksum: 10c0/8427451e12860b3422259b0dafd1bdf68061640a10cb6239770636a20a9d8d6c4fcd013c9c64c93fe2f7522c1f8734ebaf00b71a1cf91b74b808ebbbf0dbda22
  languageName: node
  linkType: hard

"tslib@npm:^2.1.0, tslib@npm:^2.3.0":
  version: 2.8.1
  resolution: "tslib@npm:2.8.1"
  checksum: 10c0/9c4759110a19c53f992d9aae23aac5ced636e99887b51b9e61def52611732872ff7668757d4e4c61f19691e36f4da981cd9485e869b4a7408d689f6bf1f14e62
  languageName: node
  linkType: hard

"usignal@npm:^0.10.0":
  version: 0.10.0
  resolution: "usignal@npm:0.10.0"
  checksum: 10c0/7fe98614452ddfe4969fa1338d04aba4fcdfc58c1e3b2c825e30940c2df8a6577070fb036cdf2a7d4e5e43c46cd01adbe105b6f29188f1038e0ccb896c397933
  languageName: node
  linkType: hard
