# This file is generated by running "yarn install" inside your project.
# Manual changes might be lost - proceed with caution!

__metadata:
  version: 8
  cacheKey: 10c0

"@maverick-js/signals@npm:^6.0.0":
  version: 6.0.0
  resolution: "@maverick-js/signals@npm:6.0.0"
  checksum: 10c0/f327adc7902f1e21e3d244a1160481d76e7522e63efe7129d2dc92fe790e8ec83fbc643d7588b3555c90e750b5d374f1576cf3adbb65a82d1b77c28b91e90d12
  languageName: node
  linkType: hard

"@preact/signals-core@npm:^1.12.1":
  version: 1.12.1
  resolution: "@preact/signals-core@npm:1.12.1"
  checksum: 10c0/06e73a9b6b90ef5967687eb64003cc7c1abae1950ade55941c3eefeca5d4f642010bce3f267f00663703d7f1509c51ced4751733b7ef5dcba29707fe38d375a1
  languageName: node
  linkType: hard

"benchmarks@workspace:.":
  version: 0.0.0-use.local
  resolution: "benchmarks@workspace:."
  dependencies:
    "@maverick-js/signals": "npm:^6.0.0"
    "@preact/signals-core": "npm:^1.12.1"
    cellx: "npm:^2.3.1"
    cli-table: "npm:^0.3.11"
    hyperactiv: "npm:^0.11.3"
    kleur: "npm:^4.1.5"
    mobx: "npm:^6.15.0"
    s-js: "npm:^0.4.9"
  languageName: unknown
  linkType: soft

"cellx@npm:^2.3.1":
  version: 2.3.1
  resolution: "cellx@npm:2.3.1"
  peerDependencies:
    "@artalar/act": 3.2.1
    "@frp-ts/core": 1.0.0-beta.6
    "@preact/signals-core": 1.12.1
    "@reatom/core": 3.10.1
    "@webreflection/signal": 2.1.2
    alien-signals: 3.0.0
    effector: 23.4.4
    mobx: 6.15.0
    mol_wire_lib: 1.0.1554
    nanostores: 1.0.1
    s-js: 0.4.9
    solid-js: 1.9.9
    spred: 0.34.0
    usignal: 0.10.0
    whatsup: 2.6.0
  checksum: 10c0/df60b30f3e939d0a84ab87add77d575861b7ebe33d21549bcf3284abb31cc9f023a80f3d61063b9403ce22b626c9b96879cfcc44bedcd5d5d2322d183a756ca2
  languageName: node
  linkType: hard

"cli-table@npm:^0.3.11":
  version: 0.3.11
  resolution: "cli-table@npm:0.3.11"
  dependencies:
    colors: "npm:1.0.3"
  checksum: 10c0/6e31da4e19e942bf01749ff78d7988b01e0101955ce2b1e413eecdc115d4bb9271396464761491256a7d3feeedb5f37ae505f4314c4f8044b5d0f4b579c18f29
  languageName: node
  linkType: hard

"colors@npm:1.0.3":
  version: 1.0.3
  resolution: "colors@npm:1.0.3"
  checksum: 10c0/f9e40dd8b3e1a65378a7ced3fced15ddfd60aaf38e99a7521a7fdb25056b15e092f651cd0f5aa1e9b04fa8ce3616d094e07fc6c2bb261e24098db1ddd3d09a1d
  languageName: node
  linkType: hard

"hyperactiv@npm:^0.11.3":
  version: 0.11.3
  resolution: "hyperactiv@npm:0.11.3"
  peerDependenciesMeta:
    normaliz:
      optional: true
    react:
      optional: true
    react-dom:
      optional: true
    wretch:
      optional: true
  checksum: 10c0/e63feb2e169e30c593587ef42f41e3cc2bc6b7a70f11688ae438a7a98d625839c0dc52dff255d7b0a14103da3c62afddc8482922200ddd4d77b20502f739defc
  languageName: node
  linkType: hard

"kleur@npm:^4.1.5":
  version: 4.1.5
  resolution: "kleur@npm:4.1.5"
  checksum: 10c0/e9de6cb49657b6fa70ba2d1448fd3d691a5c4370d8f7bbf1c2f64c24d461270f2117e1b0afe8cb3114f13bbd8e51de158c2a224953960331904e636a5e4c0f2a
  languageName: node
  linkType: hard

"mobx@npm:^6.15.0":
  version: 6.15.0
  resolution: "mobx@npm:6.15.0"
  checksum: 10c0/afbfdc5659caac4ba620d1caca8eb471bbe56746403a8023ae402e27f9e04856394e1529ccf46feb7fdad0c6d695fa1972e8421e7fbfcb1cf453131739a12ac4
  languageName: node
  linkType: hard

"s-js@npm:^0.4.9":
  version: 0.4.9
  resolution: "s-js@npm:0.4.9"
  checksum: 10c0/3f8ace73e07df0d16899266be81eb176ab19086dc2a6f6247ddd6e88f7ccece92e2100e225730056194b0e76d9cb44a18a87fc38773e7aad7609a52cad0e410a
  languageName: node
  linkType: hard
